
Microsoft Visual Studio Solution File, Format Version 12.00
# Visual Studio Version 17
VisualStudioVersion = 17.0.31903.59
MinimumVisualStudioVersion = 10.0.40219.1
Project("{FAE04EC0-301F-11D3-BF4B-00C04F79EFBC}") = "PrimeNumbers", "PrimeNumbers\PrimeNumbers.csproj", "{6A6A4DBE-46C0-40B3-A1A3-5BBEC9C56E04}"
EndProject
Project("{FAE04EC0-301F-11D3-BF4B-00C04F79EFBC}") = "Greatest-Common-Divider", "Greatest-Common-Divider\Greatest-Common-Divider.csproj", "{2F87ABB2-AA30-46AB-8D3C-E33499A72F44}"
EndProject
Project("{FAE04EC0-301F-11D3-BF4B-00C04F79EFBC}") = "PrimeNumbersSeiveApp", "PrimeNumbersSeiveApp\PrimeNumbersSeiveApp.csproj", "{B8B565AF-4FA7-4F26-8110-71E2A25CC95C}"
EndProject
Project("{FAE04EC0-301F-11D3-BF4B-00C04F79EFBC}") = "IterativeGCD", "IterativeGCD\IterativeGCD.csproj", "{282E640D-3C99-4F52-AAB1-0C63948589D3}"
EndProject
Project("{FAE04EC0-301F-11D3-BF4B-00C04F79EFBC}") = "PolynomialApp", "PolynomialApp\PolynomialApp.csproj", "{49178D09-34E4-45FD-88E1-EBCAFF969334}"
EndProject
Project("{FAE04EC0-301F-11D3-BF4B-00C04F79EFBC}") = "WebAPITraining", "..\dotnet-web-api-training\WebAPITraining\WebAPITraining.csproj", "{D1E9DA23-A29F-4D71-A345-DE703FD1F3A2}"
EndProject
Global
	GlobalSection(SolutionConfigurationPlatforms) = preSolution
		Debug|Any CPU = Debug|Any CPU
		Release|Any CPU = Release|Any CPU
	EndGlobalSection
	GlobalSection(ProjectConfigurationPlatforms) = postSolution
		{6A6A4DBE-46C0-40B3-A1A3-5BBEC9C56E04}.Debug|Any CPU.ActiveCfg = Debug|Any CPU
		{6A6A4DBE-46C0-40B3-A1A3-5BBEC9C56E04}.Debug|Any CPU.Build.0 = Debug|Any CPU
		{6A6A4DBE-46C0-40B3-A1A3-5BBEC9C56E04}.Release|Any CPU.ActiveCfg = Release|Any CPU
		{6A6A4DBE-46C0-40B3-A1A3-5BBEC9C56E04}.Release|Any CPU.Build.0 = Release|Any CPU
		{2F87ABB2-AA30-46AB-8D3C-E33499A72F44}.Debug|Any CPU.ActiveCfg = Debug|Any CPU
		{2F87ABB2-AA30-46AB-8D3C-E33499A72F44}.Debug|Any CPU.Build.0 = Debug|Any CPU
		{2F87ABB2-AA30-46AB-8D3C-E33499A72F44}.Release|Any CPU.ActiveCfg = Release|Any CPU
		{2F87ABB2-AA30-46AB-8D3C-E33499A72F44}.Release|Any CPU.Build.0 = Release|Any CPU
		{B8B565AF-4FA7-4F26-8110-71E2A25CC95C}.Debug|Any CPU.ActiveCfg = Debug|Any CPU
		{B8B565AF-4FA7-4F26-8110-71E2A25CC95C}.Debug|Any CPU.Build.0 = Debug|Any CPU
		{B8B565AF-4FA7-4F26-8110-71E2A25CC95C}.Release|Any CPU.ActiveCfg = Release|Any CPU
		{B8B565AF-4FA7-4F26-8110-71E2A25CC95C}.Release|Any CPU.Build.0 = Release|Any CPU
		{282E640D-3C99-4F52-AAB1-0C63948589D3}.Debug|Any CPU.ActiveCfg = Debug|Any CPU
		{282E640D-3C99-4F52-AAB1-0C63948589D3}.Debug|Any CPU.Build.0 = Debug|Any CPU
		{282E640D-3C99-4F52-AAB1-0C63948589D3}.Release|Any CPU.ActiveCfg = Release|Any CPU
		{282E640D-3C99-4F52-AAB1-0C63948589D3}.Release|Any CPU.Build.0 = Release|Any CPU
		{49178D09-34E4-45FD-88E1-EBCAFF969334}.Debug|Any CPU.ActiveCfg = Debug|Any CPU
		{49178D09-34E4-45FD-88E1-EBCAFF969334}.Debug|Any CPU.Build.0 = Debug|Any CPU
		{49178D09-34E4-45FD-88E1-EBCAFF969334}.Release|Any CPU.ActiveCfg = Release|Any CPU
		{49178D09-34E4-45FD-88E1-EBCAFF969334}.Release|Any CPU.Build.0 = Release|Any CPU
		{D1E9DA23-A29F-4D71-A345-DE703FD1F3A2}.Debug|Any CPU.ActiveCfg = Debug|Any CPU
		{D1E9DA23-A29F-4D71-A345-DE703FD1F3A2}.Debug|Any CPU.Build.0 = Debug|Any CPU
		{D1E9DA23-A29F-4D71-A345-DE703FD1F3A2}.Release|Any CPU.ActiveCfg = Release|Any CPU
		{D1E9DA23-A29F-4D71-A345-DE703FD1F3A2}.Release|Any CPU.Build.0 = Release|Any CPU
	EndGlobalSection
	GlobalSection(SolutionProperties) = preSolution
		HideSolutionNode = FALSE
	EndGlobalSection
EndGlobal
